# This file is generated by running "yarn install" inside your project.
# Manual changes might be lost - proceed with caution!

__metadata:
  version: 6
  cacheKey: 8

"@0no-co/graphql.web@npm:^1.0.5":
  version: 1.2.0
  resolution: "@0no-co/graphql.web@npm:1.2.0"
  peerDependencies:
    graphql: ^14.0.0 || ^15.0.0 || ^16.0.0
  peerDependenciesMeta:
    graphql:
      optional: true
  checksum: 4d5a54b93e6024b7d476e94b991e4e4ebc4ecb97e4ce886f76889741f5e419b587bedc6a00488753069534d8ae3e4de2e901ad58506ba2f74eeb8642edccc4ca
  languageName: node
  linkType: hard

"@0no-co/graphqlsp@npm:^1.12.13":
  version: 1.15.2
  resolution: "@0no-co/graphqlsp@npm:1.15.2"
  dependencies:
    "@gql.tada/internal": ^1.0.0
    graphql: ^15.5.0 || ^16.0.0 || ^17.0.0
  peerDependencies:
    graphql: ^15.5.0 || ^16.0.0 || ^17.0.0
    typescript: ^5.0.0
  checksum: 783cb9c98d3de2da616011a072fb603c9e581902227129b20c19ad03fb9fee14d99f8ccedcd40a95f27ecb661613711a41b6e471089dbbb69f74f8606bf0597a
  languageName: node
  linkType: hard

"@a2a-js/sdk@npm:^0.3.10":
  version: 0.3.10
  resolution: "@a2a-js/sdk@npm:0.3.10"
  dependencies:
    uuid: ^11.1.0
  peerDependencies:
    "@bufbuild/protobuf": ^2.10.2
    "@grpc/grpc-js": ^1.11.0
    express: ^4.21.2 || ^5.1.0
  peerDependenciesMeta:
    "@bufbuild/protobuf":
      optional: true
    "@grpc/grpc-js":
      optional: true
    express:
      optional: true
  checksum: 960538d8edfc78deb0fd17df456d84e48c0101caf51427e2e0e884e5b73d0a84e774781343fd7f1b0ea953c186bf6730925044e1b94f398d61f822ae0342c203
  languageName: node
  linkType: hard

"@bufbuild/protobuf@npm:^2.11.0":
  version: 2.11.0
  resolution: "@bufbuild/protobuf@npm:2.11.0"
  checksum: 9661e4a1e9f0d607320c788169d1604e00f7a39b5d8682d5302c8a6fa43c5758e539b5714577e6b2bc2798e7d44c52e7f5f52ec309b6292f9d143fd520e9cecf
  languageName: node
  linkType: hard

"@gql.tada/cli-utils@npm:1.7.2":
  version: 1.7.2
  resolution: "@gql.tada/cli-utils@npm:1.7.2"
  dependencies:
    "@0no-co/graphqlsp": ^1.12.13
    "@gql.tada/internal": 1.0.8
    graphql: ^15.5.0 || ^16.0.0 || ^17.0.0
  peerDependencies:
    "@0no-co/graphqlsp": ^1.12.13
    "@gql.tada/svelte-support": 1.0.1
    "@gql.tada/vue-support": 1.0.1
    graphql: ^15.5.0 || ^16.0.0 || ^17.0.0
    typescript: ^5.0.0
  peerDependenciesMeta:
    "@gql.tada/svelte-support":
      optional: true
    "@gql.tada/vue-support":
      optional: true
  checksum: cfa3cd5749e90549edc8819a26f96d8c8ea17b9866d965a1802b2a2826a5175459d18cc3cd88d581f248de1f16f04b3d2bd3fc9d9a36da517689e3726d67f464
  languageName: node
  linkType: hard

"@gql.tada/internal@npm:1.0.8, @gql.tada/internal@npm:^1.0.0":
  version: 1.0.8
  resolution: "@gql.tada/internal@npm:1.0.8"
  dependencies:
    "@0no-co/graphql.web": ^1.0.5
  peerDependencies:
    graphql: ^15.5.0 || ^16.0.0 || ^17.0.0
    typescript: ^5.0.0
  checksum: 8046283fa29e382c2a56ce293cb1aeb6a864cfab0f5476e22faf6e1d52a6e89a04a34bcd0342744bd2835bceb9d555c9965b3f23102bce7e4d7d11ce7d5fb8c6
  languageName: node
  linkType: hard

"@graphql-typed-document-node/core@npm:^3.2.0":
  version: 3.2.0
  resolution: "@graphql-typed-document-node/core@npm:3.2.0"
  peerDependencies:
    graphql: ^0.8.0 || ^0.9.0 || ^0.10.0 || ^0.11.0 || ^0.12.0 || ^0.13.0 || ^14.0.0 || ^15.0.0 || ^16.0.0 || ^17.0.0
  checksum: fa44443accd28c8cf4cb96aaaf39d144a22e8b091b13366843f4e97d19c7bfeaf609ce3c7603a4aeffe385081eaf8ea245d078633a7324c11c5ec4b2011bb76d
  languageName: node
  linkType: hard

"@grpc/grpc-js@npm:^1.14.3":
  version: 1.14.3
  resolution: "@grpc/grpc-js@npm:1.14.3"
  dependencies:
    "@grpc/proto-loader": ^0.8.0
    "@js-sdsl/ordered-map": ^4.4.2
  checksum: 5deaf9d6571031d312b9cc412cf5528fb3e394da156ae6ce38fa08e3fb1cd9d38a8f3ed208d4cf497355ff523f6012748aed310ebce0087b3342023a7cc8e9ed
  languageName: node
  linkType: hard

"@grpc/proto-loader@npm:^0.8.0":
  version: 0.8.0
  resolution: "@grpc/proto-loader@npm:0.8.0"
  dependencies:
    lodash.camelcase: ^4.3.0
    long: ^5.0.0
    protobufjs: ^7.5.3
    yargs: ^17.7.2
  bin:
    proto-loader-gen-types: build/bin/proto-loader-gen-types.js
  checksum: 97570e2e8c29a35b999fa929acad506765e6752d3219764825fecc0ab632492b1ac2e4dd4c0a96cc2e01754d99bfa838dff0729c6608a02f7b027fd19bc1d1e4
  languageName: node
  linkType: hard

"@js-sdsl/ordered-map@npm:^4.4.2":
  version: 4.4.2
  resolution: "@js-sdsl/ordered-map@npm:4.4.2"
  checksum: a927ae4ff8565ecb75355cc6886a4f8fadbf2af1268143c96c0cce3ba01261d241c3f4ba77f21f3f017a00f91dfe9e0673e95f830255945c80a0e96c6d30508a
  languageName: node
  linkType: hard

"@mysten/bcs@npm:0.11.1":
  version: 0.11.1
  resolution: "@mysten/bcs@npm:0.11.1"
  dependencies:
    bs58: ^5.0.0
  checksum: c6f1c68afea3ec4681d0084d801225328504c9ea1925e8a3ad63277d9445d169110006d185d75c30eb3662df98cf97ea9eb73231a0cf684e71fa653aabdabf27
  languageName: node
  linkType: hard

"@mysten/bcs@npm:^2.0.1":
  version: 2.0.1
  resolution: "@mysten/bcs@npm:2.0.1"
  dependencies:
    "@mysten/utils": ^0.3.0
    "@scure/base": ^2.0.0
  checksum: 4098272954be4e3b81c163ee507e39de5a9c026552338e898633d1d06c9b7c8e678fb24a2d8567bb4f300ca5ddbf559e083e9fe56703b31ee0b5337b9a0a85e0
  languageName: node
  linkType: hard

"@mysten/sui.js@npm:^0.54.1":
  version: 0.54.1
  resolution: "@mysten/sui.js@npm:0.54.1"
  dependencies:
    "@graphql-typed-document-node/core": ^3.2.0
    "@mysten/bcs": 0.11.1
    "@noble/curves": ^1.1.0
    "@noble/hashes": ^1.3.1
    "@scure/bip32": ^1.3.1
    "@scure/bip39": ^1.2.1
    "@suchipi/femver": ^1.0.0
    bech32: ^2.0.0
    gql.tada: ^1.7.0
    graphql: ^16.8.1
    superstruct: ^1.0.3
    tweetnacl: ^1.0.3
  checksum: e0e6379d7ab21c4fdfb2f89e7e9b3bdd705ece621a46490e4c706190b5af725879b5245ecce9fafeeec812b964181b9ec94e8d901e2c1f3898a37dff7c834a11
  languageName: node
  linkType: hard

"@mysten/sui@npm:^2.3.1":
  version: 2.3.1
  resolution: "@mysten/sui@npm:2.3.1"
  dependencies:
    "@graphql-typed-document-node/core": ^3.2.0
    "@mysten/bcs": ^2.0.1
    "@mysten/utils": ^0.3.0
    "@noble/curves": ^2.0.1
    "@noble/hashes": ^2.0.1
    "@protobuf-ts/grpcweb-transport": ^2.11.1
    "@protobuf-ts/runtime": ^2.11.1
    "@protobuf-ts/runtime-rpc": ^2.11.1
    "@scure/base": ^2.0.0
    "@scure/bip32": ^2.0.1
    "@scure/bip39": ^2.0.1
    gql.tada: ^1.9.0
    graphql: ^16.12.0
    poseidon-lite: 0.2.1
    valibot: ^1.2.0
  checksum: 537f2d4fa41a5f4f31ecc334c226303b7c7b3f8f208622a351cf53cd7de8abd480ea6e9583fd0a40537415bcd64874924ef79ed40f49a7c818ebeca614bda75f
  languageName: node
  linkType: hard

"@mysten/utils@npm:^0.3.0":
  version: 0.3.0
  resolution: "@mysten/utils@npm:0.3.0"
  dependencies:
    "@scure/base": ^2.0.0
  checksum: 244578da5c165938977a18b25710f85bce3c48adfa719987f160f7e47f94bfda230156cf5c5306017b4f1003123e50d65c1ce0efcee2fd46bae4ee2f6fb877ac
  languageName: node
  linkType: hard

"@noble/curves@npm:2.0.1, @noble/curves@npm:^2.0.1":
  version: 2.0.1
  resolution: "@noble/curves@npm:2.0.1"
  dependencies:
    "@noble/hashes": 2.0.1
  checksum: b6844f350d629bb6de55d3a123bc148403901c8b8eed77d2132a389d080d553242bcf1e06913bf51f51e395849ec70b9a8e8902c19e562ea3c6538bb0240d92f
  languageName: node
  linkType: hard

"@noble/curves@npm:^1.1.0, @noble/curves@npm:~1.9.0":
  version: 1.9.7
  resolution: "@noble/curves@npm:1.9.7"
  dependencies:
    "@noble/hashes": 1.8.0
  checksum: 65acad44ac6944ab96471109087d6cfcbcaa251faad6295961be9a5ace220634f4b7c74a96d1ee2274ad3880ea953d8e8259893ed8c906c831ef29f5c04ec9cc
  languageName: node
  linkType: hard

"@noble/hashes@npm:1.8.0, @noble/hashes@npm:^1.3.1, @noble/hashes@npm:~1.8.0":
  version: 1.8.0
  resolution: "@noble/hashes@npm:1.8.0"
  checksum: c94e98b941963676feaba62475b1ccfa8341e3f572adbb3b684ee38b658df44100187fa0ef4220da580b13f8d27e87d5492623c8a02ecc61f23fb9960c7918f5
  languageName: node
  linkType: hard

"@noble/hashes@npm:2.0.1, @noble/hashes@npm:^2.0.1":
  version: 2.0.1
  resolution: "@noble/hashes@npm:2.0.1"
  checksum: aea67a671ca464027cd512d07666a804bd99abc343ba98c93ee8463a1c870c5594f8de468279ef3c60f3b23b6330db9f1a92bd23723b8a911ec73bddc9420248
  languageName: node
  linkType: hard

"@protobuf-ts/grpcweb-transport@npm:^2.11.1":
  version: 2.11.1
  resolution: "@protobuf-ts/grpcweb-transport@npm:2.11.1"
  dependencies:
    "@protobuf-ts/runtime": ^2.11.1
    "@protobuf-ts/runtime-rpc": ^2.11.1
  checksum: 9c6bbb26e9127e55dd139012d6469c0b8e1d6fde1e52a34a475696d196f83dca3c6939ac5fd287df5f51c17606a9de9c0cd18960395253a2ac4d92cfc3c12613
  languageName: node
  linkType: hard

"@protobuf-ts/runtime-rpc@npm:^2.11.1":
  version: 2.11.1
  resolution: "@protobuf-ts/runtime-rpc@npm:2.11.1"
  dependencies:
    "@protobuf-ts/runtime": ^2.11.1
  checksum: 18eb78adcf13371ebff274e560bbfabea71771bf2f4a7bd02298472e401b18a918f181f6b8ecffa51e3976f1964abe5bd637fde05c504af4d2f44c7f35a1b911
  languageName: node
  linkType: hard

"@protobuf-ts/runtime@npm:^2.11.1":
  version: 2.11.1
  resolution: "@protobuf-ts/runtime@npm:2.11.1"
  checksum: f06be086ee261c7840783f4054167b215d9f8a2e22ced2fe2198574c54293ce099d635b59b90c156c3efcd66d9401880f1e3ecd56c779eb4a89dc27a12d1b6b3
  languageName: node
  linkType: hard

"@protobufjs/aspromise@npm:^1.1.1, @protobufjs/aspromise@npm:^1.1.2":
  version: 1.1.2
  resolution: "@protobufjs/aspromise@npm:1.1.2"
  checksum: 011fe7ef0826b0fd1a95935a033a3c0fd08483903e1aa8f8b4e0704e3233406abb9ee25350ec0c20bbecb2aad8da0dcea58b392bbd77d6690736f02c143865d2
  languageName: node
  linkType: hard

"@protobufjs/base64@npm:^1.1.2":
  version: 1.1.2
  resolution: "@protobufjs/base64@npm:1.1.2"
  checksum: 67173ac34de1e242c55da52c2f5bdc65505d82453893f9b51dc74af9fe4c065cf4a657a4538e91b0d4a1a1e0a0642215e31894c31650ff6e3831471061e1ee9e
  languageName: node
  linkType: hard

"@protobufjs/codegen@npm:^2.0.4":
  version: 2.0.4
  resolution: "@protobufjs/codegen@npm:2.0.4"
  checksum: 59240c850b1d3d0b56d8f8098dd04787dcaec5c5bd8de186fa548de86b86076e1c50e80144b90335e705a044edf5bc8b0998548474c2a10a98c7e004a1547e4b
  languageName: node
  linkType: hard

"@protobufjs/eventemitter@npm:^1.1.0":
  version: 1.1.0
  resolution: "@protobufjs/eventemitter@npm:1.1.0"
  checksum: 0369163a3d226851682f855f81413cbf166cd98f131edb94a0f67f79e75342d86e89df9d7a1df08ac28be2bc77e0a7f0200526bb6c2a407abbfee1f0262d5fd7
  languageName: node
  linkType: hard

"@protobufjs/fetch@npm:^1.1.0":
  version: 1.1.0
  resolution: "@protobufjs/fetch@npm:1.1.0"
  dependencies:
    "@protobufjs/aspromise": ^1.1.1
    "@protobufjs/inquire": ^1.1.0
  checksum: 3fce7e09eb3f1171dd55a192066450f65324fd5f7cc01a431df01bb00d0a895e6bfb5b0c5561ce157ee1d886349c90703d10a4e11a1a256418ff591b969b3477
  languageName: node
  linkType: hard

"@protobufjs/float@npm:^1.0.2":
  version: 1.0.2
  resolution: "@protobufjs/float@npm:1.0.2"
  checksum: 5781e1241270b8bd1591d324ca9e3a3128d2f768077a446187a049e36505e91bc4156ed5ac3159c3ce3d2ba3743dbc757b051b2d723eea9cd367bfd54ab29b2f
  languageName: node
  linkType: hard

"@protobufjs/inquire@npm:^1.1.0":
  version: 1.1.0
  resolution: "@protobufjs/inquire@npm:1.1.0"
  checksum: ca06f02eaf65ca36fb7498fc3492b7fc087bfcc85c702bac5b86fad34b692bdce4990e0ef444c1e2aea8c034227bd1f0484be02810d5d7e931c55445555646f4
  languageName: node
  linkType: hard

"@protobufjs/path@npm:^1.1.2":
  version: 1.1.2
  resolution: "@protobufjs/path@npm:1.1.2"
  checksum: 856eeb532b16a7aac071cacde5c5620df800db4c80cee6dbc56380524736205aae21e5ae47739114bf669ab5e8ba0e767a282ad894f3b5e124197cb9224445ee
  languageName: node
  linkType: hard

"@protobufjs/pool@npm:^1.1.0":
  version: 1.1.0
  resolution: "@protobufjs/pool@npm:1.1.0"
  checksum: d6a34fbbd24f729e2a10ee915b74e1d77d52214de626b921b2d77288bd8f2386808da2315080f2905761527cceffe7ec34c7647bd21a5ae41a25e8212ff79451
  languageName: node
  linkType: hard

"@protobufjs/utf8@npm:^1.1.0":
  version: 1.1.0
  resolution: "@protobufjs/utf8@npm:1.1.0"
  checksum: f9bf3163d13aaa3b6f5e6fbf37a116e094ea021c0e1f2a7ccd0e12a29e2ce08dafba4e8b36e13f8ed7397e1591610ce880ed1289af4d66cf4ace8a36a9557278
  languageName: node
  linkType: hard

"@scure/base@npm:2.0.0, @scure/base@npm:^2.0.0":
  version: 2.0.0
  resolution: "@scure/base@npm:2.0.0"
  checksum: 15d10f154256f52bb3e02b63cdf93b6df6db3814fa4c61a8bb2d339831aec7859609fb715b93c7fc852755f0fe67fb6411664c06159745711bf38af3b10ab93e
  languageName: node
  linkType: hard

"@scure/base@npm:~1.2.5":
  version: 1.2.6
  resolution: "@scure/base@npm:1.2.6"
  checksum: 1058cb26d5e4c1c46c9cc0ae0b67cc66d306733baf35d6ebdd8ddaba242b80c3807b726e3b48cb0411bb95ec10d37764969063ea62188f86ae9315df8ea6b325
  languageName: node
  linkType: hard

"@scure/bip32@npm:^1.3.1":
  version: 1.7.0
  resolution: "@scure/bip32@npm:1.7.0"
  dependencies:
    "@noble/curves": ~1.9.0
    "@noble/hashes": ~1.8.0
    "@scure/base": ~1.2.5
  checksum: c83adca5a74ec5c4ded8ba93900d0065e4767c4759cf24c2674923aef01d45ba56f171574e3519f2341be99f53a333f01b674eb6cfeb6fa8379607c6d1bc90b5
  languageName: node
  linkType: hard

"@scure/bip32@npm:^2.0.1":
  version: 2.0.1
  resolution: "@scure/bip32@npm:2.0.1"
  dependencies:
    "@noble/curves": 2.0.1
    "@noble/hashes": 2.0.1
    "@scure/base": 2.0.0
  checksum: 5e6c7b455c4a5599673d5fa1b7edc1b3655fe2f7b8388dc19ebe4a89adb9c80c511215d4af624eb774c63c216fd8b7bb8fecf1eb8c3d5e979e279c7542657a42
  languageName: node
  linkType: hard

"@scure/bip39@npm:^1.2.1":
  version: 1.6.0
  resolution: "@scure/bip39@npm:1.6.0"
  dependencies:
    "@noble/hashes": ~1.8.0
    "@scure/base": ~1.2.5
  checksum: 96d46420780473d6c6c9700254a0eceec60302f61d7f9d7f29024e90c7acff3e8e40a5ee52dfaf104db539a10462e531996aaf9e69f082b8540b0a25870545fc
  languageName: node
  linkType: hard

"@scure/bip39@npm:^2.0.1":
  version: 2.0.1
  resolution: "@scure/bip39@npm:2.0.1"
  dependencies:
    "@noble/hashes": 2.0.1
    "@scure/base": 2.0.0
  checksum: 87604ba9523844d13be006253b52cfdbf998d93973deefdbf8cbe4fe4b98151682ac75d318483733a3164cda04634ef41dd98589d7156465b6f91ad4b6bb2c62
  languageName: node
  linkType: hard

"@suchipi/femver@npm:^1.0.0":
  version: 1.0.0
  resolution: "@suchipi/femver@npm:1.0.0"
  checksum: 9764b4aaf93c8b8d1fa0ba07288402cf49bfa0ea8adc0ec6eb866fe98db3d32ddf953bc0dee05e723ed7b417de8db74bace6879db6b014aade5a04a62a40d0c6
  languageName: node
  linkType: hard

"@types/node@npm:>=13.7.0":
  version: 25.2.2
  resolution: "@types/node@npm:25.2.2"
  dependencies:
    undici-types: ~7.16.0
  checksum: 917d0dc0cbc18e615282825d8ec5352da9c0eda9992fce995d12219b3c8de11f19923a52ad4cbb90f808a210ecf8d6f6ca4efa4a974dfd555982cdb8b9ee8d67
  languageName: node
  linkType: hard

"accepts@npm:^2.0.0":
  version: 2.0.0
  resolution: "accepts@npm:2.0.0"
  dependencies:
    mime-types: ^3.0.0
    negotiator: ^1.0.0
  checksum: 49fe6c050cb6f6ff4e771b4d88324fca4d3127865f2473872e818dca127d809ba3aa8fdfc7acb51dd3c5bade7311ca6b8cfff7015ea6db2f7eb9c8444d223a4f
  languageName: node
  linkType: hard

"ansi-regex@npm:^5.0.1":
  version: 5.0.1
  resolution: "ansi-regex@npm:5.0.1"
  checksum: 2aa4bb54caf2d622f1afdad09441695af2a83aa3fe8b8afa581d205e57ed4261c183c4d3877cee25794443fde5876417d859c108078ab788d6af7e4fe52eb66b
  languageName: node
  linkType: hard

"ansi-styles@npm:^4.0.0":
  version: 4.3.0
  resolution: "ansi-styles@npm:4.3.0"
  dependencies:
    color-convert: ^2.0.1
  checksum: 513b44c3b2105dd14cc42a19271e80f386466c4be574bccf60b627432f9198571ebf4ab1e4c3ba17347658f4ee1711c163d574248c0c1cdc2d5917a0ad582ec4
  languageName: node
  linkType: hard

"async-function@npm:^1.0.0":
  version: 1.0.0
  resolution: "async-function@npm:1.0.0"
  checksum: 9102e246d1ed9b37ac36f57f0a6ca55226876553251a31fc80677e71471f463a54c872dc78d5d7f80740c8ba624395cccbe8b60f7b690c4418f487d8e9fd1106
  languageName: node
  linkType: hard

"async-generator-function@npm:^1.0.0":
  version: 1.0.0
  resolution: "async-generator-function@npm:1.0.0"
  checksum: 74a71a4a2dd7afd06ebb612f6d612c7f4766a351bedffde466023bf6dae629e46b0d2cd38786239e0fbf245de0c7df76035465e16d1213774a0efb22fec0d713
  languageName: node
  linkType: hard

"asynckit@npm:^0.4.0":
  version: 0.4.0
  resolution: "asynckit@npm:0.4.0"
  checksum: 7b78c451df768adba04e2d02e63e2d0bf3b07adcd6e42b4cf665cb7ce899bedd344c69a1dcbce355b5f972d597b25aaa1c1742b52cffd9caccb22f348114f6be
  languageName: node
  linkType: hard

"axios@npm:^1.13.4":
  version: 1.13.4
  resolution: "axios@npm:1.13.4"
  dependencies:
    follow-redirects: ^1.15.6
    form-data: ^4.0.4
    proxy-from-env: ^1.1.0
  checksum: 1d1f360cf54c8a4b602d4d5af1b13f04612be3876a7958e9cd49c5869448399d75978ce4a099839d55ccb9f9aff9d49a312db879dba9d76fac994479fd1ad11c
  languageName: node
  linkType: hard

"base-x@npm:^4.0.0":
  version: 4.0.1
  resolution: "base-x@npm:4.0.1"
  checksum: c9061e576f7376b2bc6b69eca131254bb16ebe1445b535a3f0d68f27524e724965b6c191dffd255bf80f9bdf5eb9d1c8d0320903e83116f2c3e09f81b5ecb6a2
  languageName: node
  linkType: hard

"bech32@npm:^2.0.0":
  version: 2.0.0
  resolution: "bech32@npm:2.0.0"
  checksum: fa15acb270b59aa496734a01f9155677b478987b773bf701f465858bf1606c6a970085babd43d71ce61895f1baa594cb41a2cd1394bd2c6698f03cc2d811300e
  languageName: node
  linkType: hard

"body-parser@npm:^2.2.1, body-parser@npm:^2.2.2":
  version: 2.2.2
  resolution: "body-parser@npm:2.2.2"
  dependencies:
    bytes: ^3.1.2
    content-type: ^1.0.5
    debug: ^4.4.3
    http-errors: ^2.0.0
    iconv-lite: ^0.7.0
    on-finished: ^2.4.1
    qs: ^6.14.1
    raw-body: ^3.0.1
    type-is: ^2.0.1
  checksum: 0b8764065ff2a8c7cf3c905193b5b528d6ab5246f0df4c743c0e887d880abcc336dad5ba86d959d7efee6243a49c2c2e5b0cee43f0ccb7d728f5496c97537a90
  languageName: node
  linkType: hard

"bs58@npm:^5.0.0":
  version: 5.0.0
  resolution: "bs58@npm:5.0.0"
  dependencies:
    base-x: ^4.0.0
  checksum: 2475cb0684e07077521aac718e604a13e0f891d58cff923d437a2f7e9e28703ab39fce9f84c7c703ab369815a675f11e3bd394d38643bfe8969fbe42e6833d45
  languageName: node
  linkType: hard

"bytes@npm:^3.1.2, bytes@npm:~3.1.2":
  version: 3.1.2
  resolution: "bytes@npm:3.1.2"
  checksum: e4bcd3948d289c5127591fbedf10c0b639ccbf00243504e4e127374a15c3bc8eed0d28d4aaab08ff6f1cf2abc0cce6ba3085ed32f4f90e82a5683ce0014e1b6e
  languageName: node
  linkType: hard

"call-bind-apply-helpers@npm:^1.0.1, call-bind-apply-helpers@npm:^1.0.2":
  version: 1.0.2
  resolution: "call-bind-apply-helpers@npm:1.0.2"
  dependencies:
    es-errors: ^1.3.0
    function-bind: ^1.1.2
  checksum: b2863d74fcf2a6948221f65d95b91b4b2d90cfe8927650b506141e669f7d5de65cea191bf788838bc40d13846b7886c5bc5c84ab96c3adbcf88ad69a72fcdc6b
  languageName: node
  linkType: hard

"call-bound@npm:^1.0.2":
  version: 1.0.4
  resolution: "call-bound@npm:1.0.4"
  dependencies:
    call-bind-apply-helpers: ^1.0.2
    get-intrinsic: ^1.3.0
  checksum: 2f6399488d1c272f56306ca60ff696575e2b7f31daf23bc11574798c84d9f2759dceb0cb1f471a85b77f28962a7ac6411f51d283ea2e45319009a19b6ccab3b2
  languageName: node
  linkType: hard

"cliui@npm:^8.0.1":
  version: 8.0.1
  resolution: "cliui@npm:8.0.1"
  dependencies:
    string-width: ^4.2.0
    strip-ansi: ^6.0.1
    wrap-ansi: ^7.0.0
  checksum: 79648b3b0045f2e285b76fb2e24e207c6db44323581e421c3acbd0e86454cba1b37aea976ab50195a49e7384b871e6dfb2247ad7dec53c02454ac6497394cb56
  languageName: node
  linkType: hard

"color-convert@npm:^2.0.1":
  version: 2.0.1
  resolution: "color-convert@npm:2.0.1"
  dependencies:
    color-name: ~1.1.4
  checksum: 79e6bdb9fd479a205c71d89574fccfb22bd9053bd98c6c4d870d65c132e5e904e6034978e55b43d69fcaa7433af2016ee203ce76eeba9cfa554b373e7f7db336
  languageName: node
  linkType: hard

"color-name@npm:~1.1.4":
  version: 1.1.4
  resolution: "color-name@npm:1.1.4"
  checksum: b0445859521eb4021cd0fb0cc1a75cecf67fceecae89b63f62b201cca8d345baf8b952c966862a9d9a2632987d4f6581f0ec8d957dfacece86f0a7919316f610
  languageName: node
  linkType: hard

"combined-stream@npm:^1.0.8":
  version: 1.0.8
  resolution: "combined-stream@npm:1.0.8"
  dependencies:
    delayed-stream: ~1.0.0
  checksum: 49fa4aeb4916567e33ea81d088f6584749fc90c7abec76fd516bf1c5aa5c79f3584b5ba3de6b86d26ddd64bae5329c4c7479343250cfe71c75bb366eae53bb7c
  languageName: node
  linkType: hard

"content-disposition@npm:^1.0.0":
  version: 1.0.1
  resolution: "content-disposition@npm:1.0.1"
  checksum: f1ee5363968e7e4c491fcd9796d3c489ab29c4ea0bfa5dcc3379a9833d6044838367cf8a11c90b179cb2a8d471279ab259119c52e0d3e4ed30934ccd56b6d694
  languageName: node
  linkType: hard

"content-type@npm:^1.0.5":
  version: 1.0.5
  resolution: "content-type@npm:1.0.5"
  checksum: 566271e0a251642254cde0f845f9dd4f9856e52d988f4eb0d0dcffbb7a1f8ec98de7a5215fc628f3bce30fe2fb6fd2bc064b562d721658c59b544e2d34ea2766
  languageName: node
  linkType: hard

"cookie-signature@npm:^1.2.1":
  version: 1.2.2
  resolution: "cookie-signature@npm:1.2.2"
  checksum: 1ad4f9b3907c9f3673a0f0a07c0a23da7909ac6c9204c5d80a0ec102fe50ccc45f27fdf496361840d6c132c5bb0037122c0a381f856d070183d1ebe3e5e041ff
  languageName: node
  linkType: hard

"cookie@npm:^0.7.1":
  version: 0.7.2
  resolution: "cookie@npm:0.7.2"
  checksum: 9bf8555e33530affd571ea37b615ccad9b9a34febbf2c950c86787088eb00a8973690833b0f8ebd6b69b753c62669ea60cec89178c1fb007bf0749abed74f93e
  languageName: node
  linkType: hard

"debug@npm:^4.4.0, debug@npm:^4.4.3":
  version: 4.4.3
  resolution: "debug@npm:4.4.3"
  dependencies:
    ms: ^2.1.3
  peerDependenciesMeta:
    supports-color:
      optional: true
  checksum: 4805abd570e601acdca85b6aa3757186084a45cff9b2fa6eee1f3b173caa776b45f478b2a71a572d616d2010cea9211d0ac4a02a610e4c18ac4324bde3760834
  languageName: node
  linkType: hard

"delayed-stream@npm:~1.0.0":
  version: 1.0.0
  resolution: "delayed-stream@npm:1.0.0"
  checksum: 46fe6e83e2cb1d85ba50bd52803c68be9bd953282fa7096f51fc29edd5d67ff84ff753c51966061e5ba7cb5e47ef6d36a91924eddb7f3f3483b1c560f77a0020
  languageName: node
  linkType: hard

"depd@npm:^2.0.0, depd@npm:~2.0.0":
  version: 2.0.0
  resolution: "depd@npm:2.0.0"
  checksum: abbe19c768c97ee2eed6282d8ce3031126662252c58d711f646921c9623f9052e3e1906443066beec1095832f534e57c523b7333f8e7e0d93051ab6baef5ab3a
  languageName: node
  linkType: hard

"dunder-proto@npm:^1.0.1":
  version: 1.0.1
  resolution: "dunder-proto@npm:1.0.1"
  dependencies:
    call-bind-apply-helpers: ^1.0.1
    es-errors: ^1.3.0
    gopd: ^1.2.0
  checksum: 149207e36f07bd4941921b0ca929e3a28f1da7bd6b6ff8ff7f4e2f2e460675af4576eeba359c635723dc189b64cdd4787e0255897d5b135ccc5d15cb8685fc90
  languageName: node
  linkType: hard

"ee-first@npm:1.1.1":
  version: 1.1.1
  resolution: "ee-first@npm:1.1.1"
  checksum: 1b4cac778d64ce3b582a7e26b218afe07e207a0f9bfe13cc7395a6d307849cfe361e65033c3251e00c27dd060cab43014c2d6b2647676135e18b77d2d05b3f4f
  languageName: node
  linkType: hard

"emoji-regex@npm:^8.0.0":
  version: 8.0.0
  resolution: "emoji-regex@npm:8.0.0"
  checksum: d4c5c39d5a9868b5fa152f00cada8a936868fd3367f33f71be515ecee4c803132d11b31a6222b2571b1e5f7e13890156a94880345594d0ce7e3c9895f560f192
  languageName: node
  linkType: hard

"encodeurl@npm:^2.0.0":
  version: 2.0.0
  resolution: "encodeurl@npm:2.0.0"
  checksum: abf5cd51b78082cf8af7be6785813c33b6df2068ce5191a40ca8b1afe6a86f9230af9a9ce694a5ce4665955e5c1120871826df9c128a642e09c58d592e2807fe
  languageName: node
  linkType: hard

"es-define-property@npm:^1.0.1":
  version: 1.0.1
  resolution: "es-define-property@npm:1.0.1"
  checksum: 0512f4e5d564021c9e3a644437b0155af2679d10d80f21adaf868e64d30efdfbd321631956f20f42d655fedb2e3a027da479fad3fa6048f768eb453a80a5f80a
  languageName: node
  linkType: hard

"es-errors@npm:^1.3.0":
  version: 1.3.0
  resolution: "es-errors@npm:1.3.0"
  checksum: ec1414527a0ccacd7f15f4a3bc66e215f04f595ba23ca75cdae0927af099b5ec865f9f4d33e9d7e86f512f252876ac77d4281a7871531a50678132429b1271b5
  languageName: node
  linkType: hard

"es-object-atoms@npm:^1.0.0, es-object-atoms@npm:^1.1.1":
  version: 1.1.1
  resolution: "es-object-atoms@npm:1.1.1"
  dependencies:
    es-errors: ^1.3.0
  checksum: 214d3767287b12f36d3d7267ef342bbbe1e89f899cfd67040309fc65032372a8e60201410a99a1645f2f90c1912c8c49c8668066f6bdd954bcd614dda2e3da97
  languageName: node
  linkType: hard

"es-set-tostringtag@npm:^2.1.0":
  version: 2.1.0
  resolution: "es-set-tostringtag@npm:2.1.0"
  dependencies:
    es-errors: ^1.3.0
    get-intrinsic: ^1.2.6
    has-tostringtag: ^1.0.2
    hasown: ^2.0.2
  checksum: 789f35de4be3dc8d11fdcb91bc26af4ae3e6d602caa93299a8c45cf05d36cc5081454ae2a6d3afa09cceca214b76c046e4f8151e092e6fc7feeb5efb9e794fc6
  languageName: node
  linkType: hard

"escalade@npm:^3.1.1":
  version: 3.2.0
  resolution: "escalade@npm:3.2.0"
  checksum: 47b029c83de01b0d17ad99ed766347b974b0d628e848de404018f3abee728e987da0d2d370ad4574aa3d5b5bfc368754fd085d69a30f8e75903486ec4b5b709e
  languageName: node
  linkType: hard

"escape-html@npm:^1.0.3":
  version: 1.0.3
  resolution: "escape-html@npm:1.0.3"
  checksum: 6213ca9ae00d0ab8bccb6d8d4e0a98e76237b2410302cf7df70aaa6591d509a2a37ce8998008cbecae8fc8ffaadf3fb0229535e6a145f3ce0b211d060decbb24
  languageName: node
  linkType: hard

"etag@npm:^1.8.1":
  version: 1.8.1
  resolution: "etag@npm:1.8.1"
  checksum: 571aeb3dbe0f2bbd4e4fadbdb44f325fc75335cd5f6f6b6a091e6a06a9f25ed5392f0863c5442acb0646787446e816f13cbfc6edce5b07658541dff573cab1ff
  languageName: node
  linkType: hard

"express@npm:^5.2.1":
  version: 5.2.1
  resolution: "express@npm:5.2.1"
  dependencies:
    accepts: ^2.0.0
    body-parser: ^2.2.1
    content-disposition: ^1.0.0
    content-type: ^1.0.5
    cookie: ^0.7.1
    cookie-signature: ^1.2.1
    debug: ^4.4.0
    depd: ^2.0.0
    encodeurl: ^2.0.0
    escape-html: ^1.0.3
    etag: ^1.8.1
    finalhandler: ^2.1.0
    fresh: ^2.0.0
    http-errors: ^2.0.0
    merge-descriptors: ^2.0.0
    mime-types: ^3.0.0
    on-finished: ^2.4.1
    once: ^1.4.0
    parseurl: ^1.3.3
    proxy-addr: ^2.0.7
    qs: ^6.14.0
    range-parser: ^1.2.1
    router: ^2.2.0
    send: ^1.1.0
    serve-static: ^2.2.0
    statuses: ^2.0.1
    type-is: ^2.0.1
    vary: ^1.1.2
  checksum: e0bc9c11fcf4e6ed29c9b0551229e8cf35d959970eb5e10ef3e48763eb3a63487251950d9bf4ef38b93085f0f33bb1fc37ab07349b8fa98a0fa5f67236d4c054
  languageName: node
  linkType: hard

"finalhandler@npm:^2.1.0":
  version: 2.1.1
  resolution: "finalhandler@npm:2.1.1"
  dependencies:
    debug: ^4.4.0
    encodeurl: ^2.0.0
    escape-html: ^1.0.3
    on-finished: ^2.4.1
    parseurl: ^1.3.3
    statuses: ^2.0.1
  checksum: e5303c4cccce46019cf0f59b07a36cc6d37549f1efe2111c16cd78e6e500d3bfd68d3b45044c9a67a0c75ad3128ee1106fae9a0152ca3c0a8ee3bf3a4a1464bb
  languageName: node
  linkType: hard

"follow-redirects@npm:^1.15.6":
  version: 1.15.11
  resolution: "follow-redirects@npm:1.15.11"
  peerDependenciesMeta:
    debug:
      optional: true
  checksum: 20bf55e9504f59e6cc3743ba27edb2ebf41edea1baab34799408f2c050f73f0c612728db21c691276296d2795ea8a812dc532a98e8793619fcab91abe06d017f
  languageName: node
  linkType: hard

"form-data@npm:^4.0.4":
  version: 4.0.5
  resolution: "form-data@npm:4.0.5"
  dependencies:
    asynckit: ^0.4.0
    combined-stream: ^1.0.8
    es-set-tostringtag: ^2.1.0
    hasown: ^2.0.2
    mime-types: ^2.1.12
  checksum: af8328413c16d0cded5fccc975a44d227c5120fd46a9e81de8acf619d43ed838414cc6d7792195b30b248f76a65246949a129a4dadd148721948f90cd6d4fb69
  languageName: node
  linkType: hard

"forwarded@npm:0.2.0":
  version: 0.2.0
  resolution: "forwarded@npm:0.2.0"
  checksum: fd27e2394d8887ebd16a66ffc889dc983fbbd797d5d3f01087c020283c0f019a7d05ee85669383d8e0d216b116d720fc0cef2f6e9b7eb9f4c90c6e0bc7fd28e6
  languageName: node
  linkType: hard

"fresh@npm:^2.0.0":
  version: 2.0.0
  resolution: "fresh@npm:2.0.0"
  checksum: 38b9828352c6271e2a0dd8bdd985d0100dbbc4eb8b6a03286071dd6f7d96cfaacd06d7735701ad9a95870eb3f4555e67c08db1dcfe24c2e7bb87383c72fae1d2
  languageName: node
  linkType: hard

"function-bind@npm:^1.1.2":
  version: 1.1.2
  resolution: "function-bind@npm:1.1.2"
  checksum: 2b0ff4ce708d99715ad14a6d1f894e2a83242e4a52ccfcefaee5e40050562e5f6dafc1adbb4ce2d4ab47279a45dc736ab91ea5042d843c3c092820dfe032efb1
  languageName: node
  linkType: hard

"generator-function@npm:^2.0.0":
  version: 2.0.1
  resolution: "generator-function@npm:2.0.1"
  checksum: 3bf87f7b0230de5d74529677e6c3ceb3b7b5d9618b5a22d92b45ce3876defbaf5a77791b25a61b0fa7d13f95675b5ff67a7769f3b9af33f096e34653519e873d
  languageName: node
  linkType: hard

"get-caller-file@npm:^2.0.5":
  version: 2.0.5
  resolution: "get-caller-file@npm:2.0.5"
  checksum: b9769a836d2a98c3ee734a88ba712e62703f1df31b94b784762c433c27a386dd6029ff55c2a920c392e33657d80191edbf18c61487e198844844516f843496b9
  languageName: node
  linkType: hard

"get-intrinsic@npm:^1.2.5, get-intrinsic@npm:^1.2.6, get-intrinsic@npm:^1.3.0":
  version: 1.3.1
  resolution: "get-intrinsic@npm:1.3.1"
  dependencies:
    async-function: ^1.0.0
    async-generator-function: ^1.0.0
    call-bind-apply-helpers: ^1.0.2
    es-define-property: ^1.0.1
    es-errors: ^1.3.0
    es-object-atoms: ^1.1.1
    function-bind: ^1.1.2
    generator-function: ^2.0.0
    get-proto: ^1.0.1
    gopd: ^1.2.0
    has-symbols: ^1.1.0
    hasown: ^2.0.2
    math-intrinsics: ^1.1.0
  checksum: c02b3b6a445f9cd53e14896303794ac60f9751f58a69099127248abdb0251957174c6524245fc68579dc8e6a35161d3d94c93e665f808274716f4248b269436a
  languageName: node
  linkType: hard

"get-proto@npm:^1.0.1":
  version: 1.0.1
  resolution: "get-proto@npm:1.0.1"
  dependencies:
    dunder-proto: ^1.0.1
    es-object-atoms: ^1.0.0
  checksum: 4fc96afdb58ced9a67558698b91433e6b037aaa6f1493af77498d7c85b141382cf223c0e5946f334fb328ee85dfe6edd06d218eaf09556f4bc4ec6005d7f5f7b
  languageName: node
  linkType: hard

"gopd@npm:^1.2.0":
  version: 1.2.0
  resolution: "gopd@npm:1.2.0"
  checksum: cc6d8e655e360955bdccaca51a12a474268f95bb793fc3e1f2bdadb075f28bfd1fd988dab872daf77a61d78cbaf13744bc8727a17cfb1d150d76047d805375f3
  languageName: node
  linkType: hard

"gql.tada@npm:^1.7.0, gql.tada@npm:^1.9.0":
  version: 1.9.0
  resolution: "gql.tada@npm:1.9.0"
  dependencies:
    "@0no-co/graphql.web": ^1.0.5
    "@0no-co/graphqlsp": ^1.12.13
    "@gql.tada/cli-utils": 1.7.2
    "@gql.tada/internal": 1.0.8
  peerDependencies:
    typescript: ^5.0.0
  bin:
    gql-tada: bin/cli.js
    gql.tada: bin/cli.js
  checksum: 59c0c739e32f56e5ffb8baf13e19bee50e21ead1388387beb56f31d6f911218b2c39795638ee0ead48c51ebcf232e166d021c8114788017f4b4af0d2b8d0649d
  languageName: node
  linkType: hard

"graphql@npm:^15.5.0 || ^16.0.0 || ^17.0.0, graphql@npm:^16.12.0, graphql@npm:^16.8.1":
  version: 16.12.0
  resolution: "graphql@npm:16.12.0"
  checksum: c0d2435425270c575091861c9fd82d7cebc1fb1bd5461e05c36521a988f69c5074461e27b89ab70851fabc72ec9d988235f288ba7bbeff67d08a973e8b9d6d3d
  languageName: node
  linkType: hard

"has-symbols@npm:^1.0.3, has-symbols@npm:^1.1.0":
  version: 1.1.0
  resolution: "has-symbols@npm:1.1.0"
  checksum: b2316c7302a0e8ba3aaba215f834e96c22c86f192e7310bdf689dd0e6999510c89b00fbc5742571507cebf25764d68c988b3a0da217369a73596191ac0ce694b
  languageName: node
  linkType: hard

"has-tostringtag@npm:^1.0.2":
  version: 1.0.2
  resolution: "has-tostringtag@npm:1.0.2"
  dependencies:
    has-symbols: ^1.0.3
  checksum: 999d60bb753ad714356b2c6c87b7fb74f32463b8426e159397da4bde5bca7e598ab1073f4d8d4deafac297f2eb311484cd177af242776bf05f0d11565680468d
  languageName: node
  linkType: hard

"hasown@npm:^2.0.2":
  version: 2.0.2
  resolution: "hasown@npm:2.0.2"
  dependencies:
    function-bind: ^1.1.2
  checksum: e8516f776a15149ca6c6ed2ae3110c417a00b62260e222590e54aa367cbcd6ed99122020b37b7fbdf05748df57b265e70095d7bf35a47660587619b15ffb93db
  languageName: node
  linkType: hard

"http-errors@npm:^2.0.0, http-errors@npm:^2.0.1, http-errors@npm:~2.0.1":
  version: 2.0.1
  resolution: "http-errors@npm:2.0.1"
  dependencies:
    depd: ~2.0.0
    inherits: ~2.0.4
    setprototypeof: ~1.2.0
    statuses: ~2.0.2
    toidentifier: ~1.0.1
  checksum: 155d1a100a06e4964597013109590b97540a177b69c3600bbc93efc746465a99a2b718f43cdf76b3791af994bbe3a5711002046bf668cdc007ea44cea6df7ccd
  languageName: node
  linkType: hard

"iconv-lite@npm:^0.7.0, iconv-lite@npm:~0.7.0":
  version: 0.7.2
  resolution: "iconv-lite@npm:0.7.2"
  dependencies:
    safer-buffer: ">= 2.1.2 < 3.0.0"
  checksum: faf884c1f631a5d676e3e64054bed891c7c5f616b790082d99ccfbfd017c661a39db8009160268fd65fae57c9154d4d491ebc9c301f3446a078460ef114dc4b8
  languageName: node
  linkType: hard

"inherits@npm:~2.0.4":
  version: 2.0.4
  resolution: "inherits@npm:2.0.4"
  checksum: 4a48a733847879d6cf6691860a6b1e3f0f4754176e4d71494c41f3475553768b10f84b5ce1d40fbd0e34e6bfbb864ee35858ad4dd2cf31e02fc4a154b724d7f1
  languageName: node
  linkType: hard

"ipaddr.js@npm:1.9.1":
  version: 1.9.1
  resolution: "ipaddr.js@npm:1.9.1"
  checksum: f88d3825981486f5a1942414c8d77dd6674dd71c065adcfa46f578d677edcb99fda25af42675cb59db492fdf427b34a5abfcde3982da11a8fd83a500b41cfe77
  languageName: node
  linkType: hard

"is-fullwidth-code-point@npm:^3.0.0":
  version: 3.0.0
  resolution: "is-fullwidth-code-point@npm:3.0.0"
  checksum: 44a30c29457c7fb8f00297bce733f0a64cd22eca270f83e58c105e0d015e45c019491a4ab2faef91ab51d4738c670daff901c799f6a700e27f7314029e99e348
  languageName: node
  linkType: hard

"is-promise@npm:^4.0.0":
  version: 4.0.0
  resolution: "is-promise@npm:4.0.0"
  checksum: 0b46517ad47b00b6358fd6553c83ec1f6ba9acd7ffb3d30a0bf519c5c69e7147c132430452351b8a9fc198f8dd6c4f76f8e6f5a7f100f8c77d57d9e0f4261a8a
  languageName: node
  linkType: hard

"lodash.camelcase@npm:^4.3.0":
  version: 4.3.0
  resolution: "lodash.camelcase@npm:4.3.0"
  checksum: cb9227612f71b83e42de93eccf1232feeb25e705bdb19ba26c04f91e885bfd3dd5c517c4a97137658190581d3493ea3973072ca010aab7e301046d90740393d1
  languageName: node
  linkType: hard

"long@npm:^5.0.0":
  version: 5.3.2
  resolution: "long@npm:5.3.2"
  checksum: be215816b563f4ca27ad3677678b53415bc489f9e3466414e54d2d85f5f8e86768547fa58493bacfb363ffc57a664debc83403ccc2178aef0c40aca28bad47c9
  languageName: node
  linkType: hard

"math-intrinsics@npm:^1.1.0":
  version: 1.1.0
  resolution: "math-intrinsics@npm:1.1.0"
  checksum: 0e513b29d120f478c85a70f49da0b8b19bc638975eca466f2eeae0071f3ad00454c621bf66e16dd435896c208e719fc91ad79bbfba4e400fe0b372e7c1c9c9a2
  languageName: node
  linkType: hard

"media-typer@npm:^1.1.0":
  version: 1.1.0
  resolution: "media-typer@npm:1.1.0"
  checksum: a58dd60804df73c672942a7253ccc06815612326dc1c0827984b1a21704466d7cde351394f47649e56cf7415e6ee2e26e000e81b51b3eebb5a93540e8bf93cbd
  languageName: node
  linkType: hard

"merge-descriptors@npm:^2.0.0":
  version: 2.0.0
  resolution: "merge-descriptors@npm:2.0.0"
  checksum: e383332e700a94682d0125a36c8be761142a1320fc9feeb18e6e36647c9edf064271645f5669b2c21cf352116e561914fd8aa831b651f34db15ef4038c86696a
  languageName: node
  linkType: hard

"mime-db@npm:1.52.0":
  version: 1.52.0
  resolution: "mime-db@npm:1.52.0"
  checksum: 0d99a03585f8b39d68182803b12ac601d9c01abfa28ec56204fa330bc9f3d1c5e14beb049bafadb3dbdf646dfb94b87e24d4ec7b31b7279ef906a8ea9b6a513f
  languageName: node
  linkType: hard

"mime-db@npm:^1.54.0":
  version: 1.54.0
  resolution: "mime-db@npm:1.54.0"
  checksum: e99aaf2f23f5bd607deb08c83faba5dd25cf2fec90a7cc5b92d8260867ee08dab65312e1a589e60093dc7796d41e5fae013268418482f1db4c7d52d0a0960ac9
  languageName: node
  linkType: hard

"mime-types@npm:^2.1.12":
  version: 2.1.35
  resolution: "mime-types@npm:2.1.35"
  dependencies:
    mime-db: 1.52.0
  checksum: 89a5b7f1def9f3af5dad6496c5ed50191ae4331cc5389d7c521c8ad28d5fdad2d06fd81baf38fed813dc4e46bb55c8145bb0ff406330818c9cf712fb2e9b3836
  languageName: node
  linkType: hard

"mime-types@npm:^3.0.0, mime-types@npm:^3.0.2":
  version: 3.0.2
  resolution: "mime-types@npm:3.0.2"
  dependencies:
    mime-db: ^1.54.0
  checksum: 70b74794f408419e4b6a8e3c93ccbed79b6a6053973a3957c5cc04ff4ad8d259f0267da179e3ecae34c3edfb4bfd7528db23a101e32d21ad8e196178c8b7b75a
  languageName: node
  linkType: hard

"ms@npm:^2.1.3":
  version: 2.1.3
  resolution: "ms@npm:2.1.3"
  checksum: aa92de608021b242401676e35cfa5aa42dd70cbdc082b916da7fb925c542173e36bce97ea3e804923fe92c0ad991434e4a38327e15a1b5b5f945d66df615ae6d
  languageName: node
  linkType: hard

"negotiator@npm:^1.0.0":
  version: 1.0.0
  resolution: "negotiator@npm:1.0.0"
  checksum: 20ebfe79b2d2e7cf9cbc8239a72662b584f71164096e6e8896c8325055497c96f6b80cd22c258e8a2f2aa382a787795ec3ee8b37b422a302c7d4381b0d5ecfbb
  languageName: node
  linkType: hard

"object-inspect@npm:^1.13.3":
  version: 1.13.4
  resolution: "object-inspect@npm:1.13.4"
  checksum: 582810c6a8d2ef988ea0a39e69e115a138dad8f42dd445383b394877e5816eb4268489f316a6f74ee9c4e0a984b3eab1028e3e79d62b1ed67c726661d55c7a8b
  languageName: node
  linkType: hard

"on-finished@npm:^2.4.1":
  version: 2.4.1
  resolution: "on-finished@npm:2.4.1"
  dependencies:
    ee-first: 1.1.1
  checksum: d20929a25e7f0bb62f937a425b5edeb4e4cde0540d77ba146ec9357f00b0d497cdb3b9b05b9c8e46222407d1548d08166bff69cc56dfa55ba0e4469228920ff0
  languageName: node
  linkType: hard

"once@npm:^1.4.0":
  version: 1.4.0
  resolution: "once@npm:1.4.0"
  dependencies:
    wrappy: 1
  checksum: cd0a88501333edd640d95f0d2700fbde6bff20b3d4d9bdc521bdd31af0656b5706570d6c6afe532045a20bb8dc0849f8332d6f2a416e0ba6d3d3b98806c7db68
  languageName: node
  linkType: hard

"ostrid-sdk-js@workspace:.":
  version: 0.0.0-use.local
  resolution: "ostrid-sdk-js@workspace:."
  dependencies:
    "@a2a-js/sdk": ^0.3.10
    "@bufbuild/protobuf": ^2.11.0
    "@grpc/grpc-js": ^1.14.3
    "@mysten/sui": ^2.3.1
    "@mysten/sui.js": ^0.54.1
    axios: ^1.13.4
    body-parser: ^2.2.2
    express: ^5.2.1
    typescript: ^5.9.3
  languageName: unknown
  linkType: soft

"parseurl@npm:^1.3.3":
  version: 1.3.3
  resolution: "parseurl@npm:1.3.3"
  checksum: 407cee8e0a3a4c5cd472559bca8b6a45b82c124e9a4703302326e9ab60fc1081442ada4e02628efef1eb16197ddc7f8822f5a91fd7d7c86b51f530aedb17dfa2
  languageName: node
  linkType: hard

"path-to-regexp@npm:^8.0.0":
  version: 8.3.0
  resolution: "path-to-regexp@npm:8.3.0"
  checksum: 73e0d3db449f9899692b10be8480bbcfa294fd575be2d09bce3e63f2f708d1fccd3aaa8591709f8b82062c528df116e118ff9df8f5c52ccc4c2443a90be73e10
  languageName: node
  linkType: hard

"poseidon-lite@npm:0.2.1":
  version: 0.2.1
  resolution: "poseidon-lite@npm:0.2.1"
  checksum: ecd420d48ffafc99408f9ef6d124d21a0d12d089f1cfc20bcd97a0b0364e7526f8d4747a2b72da2157f18d569c9a4b19beb5958fd8509d87f8a65edf6979c168
  languageName: node
  linkType: hard

"protobufjs@npm:^7.5.3":
  version: 7.5.4
  resolution: "protobufjs@npm:7.5.4"
  dependencies:
    "@protobufjs/aspromise": ^1.1.2
    "@protobufjs/base64": ^1.1.2
    "@protobufjs/codegen": ^2.0.4
    "@protobufjs/eventemitter": ^1.1.0
    "@protobufjs/fetch": ^1.1.0
    "@protobufjs/float": ^1.0.2
    "@protobufjs/inquire": ^1.1.0
    "@protobufjs/path": ^1.1.2
    "@protobufjs/pool": ^1.1.0
    "@protobufjs/utf8": ^1.1.0
    "@types/node": ">=13.7.0"
    long: ^5.0.0
  checksum: 53bf83b9a726b05d43da35bb990dba7536759787dccea9a67b8f31be9df470ba17f1f1b982ca19956cfc7726f3ec7e0e883ca4ad93b5ec753cc025a637fc704f
  languageName: node
  linkType: hard

"proxy-addr@npm:^2.0.7":
  version: 2.0.7
  resolution: "proxy-addr@npm:2.0.7"
  dependencies:
    forwarded: 0.2.0
    ipaddr.js: 1.9.1
  checksum: 29c6990ce9364648255454842f06f8c46fcd124d3e6d7c5066df44662de63cdc0bad032e9bf5a3d653ff72141cc7b6019873d685708ac8210c30458ad99f2b74
  languageName: node
  linkType: hard

"proxy-from-env@npm:^1.1.0":
  version: 1.1.0
  resolution: "proxy-from-env@npm:1.1.0"
  checksum: ed7fcc2ba0a33404958e34d95d18638249a68c430e30fcb6c478497d72739ba64ce9810a24f53a7d921d0c065e5b78e3822759800698167256b04659366ca4d4
  languageName: node
  linkType: hard

"qs@npm:^6.14.0, qs@npm:^6.14.1":
  version: 6.14.1
  resolution: "qs@npm:6.14.1"
  dependencies:
    side-channel: ^1.1.0
  checksum: 7fffab0344fd75bfb6b8c94b8ba17f3d3e823d25b615900f68b473c3a078e497de8eaa08f709eaaa170eedfcee50638a7159b98abef7d8c89c2ede79291522f2
  languageName: node
  linkType: hard

"range-parser@npm:^1.2.1":
  version: 1.2.1
  resolution: "range-parser@npm:1.2.1"
  checksum: 0a268d4fea508661cf5743dfe3d5f47ce214fd6b7dec1de0da4d669dd4ef3d2144468ebe4179049eff253d9d27e719c88dae55be64f954e80135a0cada804ec9
  languageName: node
  linkType: hard

"raw-body@npm:^3.0.1":
  version: 3.0.2
  resolution: "raw-body@npm:3.0.2"
  dependencies:
    bytes: ~3.1.2
    http-errors: ~2.0.1
    iconv-lite: ~0.7.0
    unpipe: ~1.0.0
  checksum: bf8ce8e9734f273f24d81f9fed35609dbd25c2869faa5fb5075f7ee225c0913e2240adda03759d7e72f2a757f8012d58bb7a871a80261d5140ad65844caeb5bd
  languageName: node
  linkType: hard

"require-directory@npm:^2.1.1":
  version: 2.1.1
  resolution: "require-directory@npm:2.1.1"
  checksum: fb47e70bf0001fdeabdc0429d431863e9475e7e43ea5f94ad86503d918423c1543361cc5166d713eaa7029dd7a3d34775af04764bebff99ef413111a5af18c80
  languageName: node
  linkType: hard

"router@npm:^2.2.0":
  version: 2.2.0
  resolution: "router@npm:2.2.0"
  dependencies:
    debug: ^4.4.0
    depd: ^2.0.0
    is-promise: ^4.0.0
    parseurl: ^1.3.3
    path-to-regexp: ^8.0.0
  checksum: 4c3bec8011ed10bb07d1ee860bc715f245fff0fdff991d8319741d2932d89c3fe0a56766b4fa78e95444bc323fd2538e09c8e43bfbd442c2a7fab67456df7fa5
  languageName: node
  linkType: hard

"safer-buffer@npm:>= 2.1.2 < 3.0.0":
  version: 2.1.2
  resolution: "safer-buffer@npm:2.1.2"
  checksum: cab8f25ae6f1434abee8d80023d7e72b598cf1327164ddab31003c51215526801e40b66c5e65d658a0af1e9d6478cadcb4c745f4bd6751f97d8644786c0978b0
  languageName: node
  linkType: hard

"send@npm:^1.1.0, send@npm:^1.2.0":
  version: 1.2.1
  resolution: "send@npm:1.2.1"
  dependencies:
    debug: ^4.4.3
    encodeurl: ^2.0.0
    escape-html: ^1.0.3
    etag: ^1.8.1
    fresh: ^2.0.0
    http-errors: ^2.0.1
    mime-types: ^3.0.2
    ms: ^2.1.3
    on-finished: ^2.4.1
    range-parser: ^1.2.1
    statuses: ^2.0.2
  checksum: 5361e3556fbc874c080a4cfbb4541e02c16221ca3c68c4f692320d38ef7e147381f805ce3ac50dfaa2129f07daa81098e2bc567e9a4d13993a92893d59a64d68
  languageName: node
  linkType: hard

"serve-static@npm:^2.2.0":
  version: 2.2.1
  resolution: "serve-static@npm:2.2.1"
  dependencies:
    encodeurl: ^2.0.0
    escape-html: ^1.0.3
    parseurl: ^1.3.3
    send: ^1.2.0
  checksum: dd71e9a316a7d7f726503973c531168cfa6a6a56a98d5c6b279c4d0d41a83a1bc6900495dc0633712b95d88ccbf9ed4f4a780a4c4c00bf84b496e9e710d68825
  languageName: node
  linkType: hard

"setprototypeof@npm:~1.2.0":
  version: 1.2.0
  resolution: "setprototypeof@npm:1.2.0"
  checksum: be18cbbf70e7d8097c97f713a2e76edf84e87299b40d085c6bf8b65314e994cc15e2e317727342fa6996e38e1f52c59720b53fe621e2eb593a6847bf0356db89
  languageName: node
  linkType: hard

"side-channel-list@npm:^1.0.0":
  version: 1.0.0
  resolution: "side-channel-list@npm:1.0.0"
  dependencies:
    es-errors: ^1.3.0
    object-inspect: ^1.13.3
  checksum: 603b928997abd21c5a5f02ae6b9cc36b72e3176ad6827fab0417ead74580cc4fb4d5c7d0a8a2ff4ead34d0f9e35701ed7a41853dac8a6d1a664fcce1a044f86f
  languageName: node
  linkType: hard

"side-channel-map@npm:^1.0.1":
  version: 1.0.1
  resolution: "side-channel-map@npm:1.0.1"
  dependencies:
    call-bound: ^1.0.2
    es-errors: ^1.3.0
    get-intrinsic: ^1.2.5
    object-inspect: ^1.13.3
  checksum: 42501371cdf71f4ccbbc9c9e2eb00aaaab80a4c1c429d5e8da713fd4d39ef3b8d4a4b37ed4f275798a65260a551a7131fd87fe67e922dba4ac18586d6aab8b06
  languageName: node
  linkType: hard

"side-channel-weakmap@npm:^1.0.2":
  version: 1.0.2
  resolution: "side-channel-weakmap@npm:1.0.2"
  dependencies:
    call-bound: ^1.0.2
    es-errors: ^1.3.0
    get-intrinsic: ^1.2.5
    object-inspect: ^1.13.3
    side-channel-map: ^1.0.1
  checksum: a815c89bc78c5723c714ea1a77c938377ea710af20d4fb886d362b0d1f8ac73a17816a5f6640f354017d7e292a43da9c5e876c22145bac00b76cfb3468001736
  languageName: node
  linkType: hard

"side-channel@npm:^1.1.0":
  version: 1.1.0
  resolution: "side-channel@npm:1.1.0"
  dependencies:
    es-errors: ^1.3.0
    object-inspect: ^1.13.3
    side-channel-list: ^1.0.0
    side-channel-map: ^1.0.1
    side-channel-weakmap: ^1.0.2
  checksum: bf73d6d6682034603eb8e99c63b50155017ed78a522d27c2acec0388a792c3ede3238b878b953a08157093b85d05797217d270b7666ba1f111345fbe933380ff
  languageName: node
  linkType: hard

"statuses@npm:^2.0.1, statuses@npm:^2.0.2, statuses@npm:~2.0.2":
  version: 2.0.2
  resolution: "statuses@npm:2.0.2"
  checksum: 6927feb50c2a75b2a4caab2c565491f7a93ad3d8dbad7b1398d52359e9243a20e2ebe35e33726dee945125ef7a515e9097d8a1b910ba2bbd818265a2f6c39879
  languageName: node
  linkType: hard

"string-width@npm:^4.1.0, string-width@npm:^4.2.0, string-width@npm:^4.2.3":
  version: 4.2.3
  resolution: "string-width@npm:4.2.3"
  dependencies:
    emoji-regex: ^8.0.0
    is-fullwidth-code-point: ^3.0.0
    strip-ansi: ^6.0.1
  checksum: e52c10dc3fbfcd6c3a15f159f54a90024241d0f149cf8aed2982a2d801d2e64df0bf1dc351cf8e95c3319323f9f220c16e740b06faecd53e2462df1d2b5443fb
  languageName: node
  linkType: hard

"strip-ansi@npm:^6.0.0, strip-ansi@npm:^6.0.1":
  version: 6.0.1
  resolution: "strip-ansi@npm:6.0.1"
  dependencies:
    ansi-regex: ^5.0.1
  checksum: f3cd25890aef3ba6e1a74e20896c21a46f482e93df4a06567cebf2b57edabb15133f1f94e57434e0a958d61186087b1008e89c94875d019910a213181a14fc8c
  languageName: node
  linkType: hard

"superstruct@npm:^1.0.3":
  version: 1.0.4
  resolution: "superstruct@npm:1.0.4"
  checksum: 2e070994cc4998a753c3f0215449d6de01ffb8180e4f46527f559ffbc2ebcc40fcf428f545ccd355921ef2920db7d138a96258ae35c788e6c24b2aa8bb1695cb
  languageName: node
  linkType: hard

"toidentifier@npm:~1.0.1":
  version: 1.0.1
  resolution: "toidentifier@npm:1.0.1"
  checksum: 952c29e2a85d7123239b5cfdd889a0dde47ab0497f0913d70588f19c53f7e0b5327c95f4651e413c74b785147f9637b17410ac8c846d5d4a20a5a33eb6dc3a45
  languageName: node
  linkType: hard

"tweetnacl@npm:^1.0.3":
  version: 1.0.3
  resolution: "tweetnacl@npm:1.0.3"
  checksum: e4a57cac188f0c53f24c7a33279e223618a2bfb5fea426231991652a13247bea06b081fd745d71291fcae0f4428d29beba1b984b1f1ce6f66b06a6d1ab90645c
  languageName: node
  linkType: hard

"type-is@npm:^2.0.1":
  version: 2.0.1
  resolution: "type-is@npm:2.0.1"
  dependencies:
    content-type: ^1.0.5
    media-typer: ^1.1.0
    mime-types: ^3.0.0
  checksum: 0266e7c782238128292e8c45e60037174d48c6366bb2d45e6bd6422b611c193f83409a8341518b6b5f33f8e4d5a959f38658cacfea77f0a3505b9f7ac1ddec8f
  languageName: node
  linkType: hard

"typescript@npm:^5.9.3":
  version: 5.9.3
  resolution: "typescript@npm:5.9.3"
  bin:
    tsc: bin/tsc
    tsserver: bin/tsserver
  checksum: 0d0ffb84f2cd072c3e164c79a2e5a1a1f4f168e84cb2882ff8967b92afe1def6c2a91f6838fb58b168428f9458c57a2ba06a6737711fdd87a256bbe83e9a217f
  languageName: node
  linkType: hard

"typescript@patch:typescript@^5.9.3#~builtin<compat/typescript>":
  version: 5.9.3
  resolution: "typescript@patch:typescript@npm%3A5.9.3#~builtin<compat/typescript>::version=5.9.3&hash=29ae49"
  bin:
    tsc: bin/tsc
    tsserver: bin/tsserver
  checksum: 8bb8d86819ac86a498eada254cad7fb69c5f74778506c700c2a712daeaff21d3a6f51fd0d534fe16903cb010d1b74f89437a3d02d4d0ff5ca2ba9a4660de8497
  languageName: node
  linkType: hard

"undici-types@npm:~7.16.0":
  version: 7.16.0
  resolution: "undici-types@npm:7.16.0"
  checksum: 1ef68fc6c5bad200c8b6f17de8e5bc5cfdcadc164ba8d7208cd087cfa8583d922d8316a7fd76c9a658c22b4123d3ff847429185094484fbc65377d695c905857
  languageName: node
  linkType: hard

"unpipe@npm:~1.0.0":
  version: 1.0.0
  resolution: "unpipe@npm:1.0.0"
  checksum: 4fa18d8d8d977c55cb09715385c203197105e10a6d220087ec819f50cb68870f02942244f1017565484237f1f8c5d3cd413631b1ae104d3096f24fdfde1b4aa2
  languageName: node
  linkType: hard

"uuid@npm:^11.1.0":
  version: 11.1.0
  resolution: "uuid@npm:11.1.0"
  bin:
    uuid: dist/esm/bin/uuid
  checksum: 840f19758543c4631e58a29439e51b5b669d5f34b4dd2700b6a1d15c5708c7a6e0c3e2c8c4a2eae761a3a7caa7e9884d00c86c02622ba91137bd3deade6b4b4a
  languageName: node
  linkType: hard

"valibot@npm:^1.2.0":
  version: 1.2.0
  resolution: "valibot@npm:1.2.0"
  peerDependencies:
    typescript: ">=5"
  peerDependenciesMeta:
    typescript:
      optional: true
  checksum: 2d63ef5e45dc9b0d430640e908f07aa7172e8a3ee1653d92f99d8f5e0b84558e0829a2cda8c75150df91eb2f51ba3222d055753336ea6ca3af82e7ded4e71703
  languageName: node
  linkType: hard

"vary@npm:^1.1.2":
  version: 1.1.2
  resolution: "vary@npm:1.1.2"
  checksum: ae0123222c6df65b437669d63dfa8c36cee20a504101b2fcd97b8bf76f91259c17f9f2b4d70a1e3c6bbcee7f51b28392833adb6b2770b23b01abec84e369660b
  languageName: node
  linkType: hard

"wrap-ansi@npm:^7.0.0":
  version: 7.0.0
  resolution: "wrap-ansi@npm:7.0.0"
  dependencies:
    ansi-styles: ^4.0.0
    string-width: ^4.1.0
    strip-ansi: ^6.0.0
  checksum: a790b846fd4505de962ba728a21aaeda189b8ee1c7568ca5e817d85930e06ef8d1689d49dbf0e881e8ef84436af3a88bc49115c2e2788d841ff1b8b5b51a608b
  languageName: node
  linkType: hard

"wrappy@npm:1":
  version: 1.0.2
  resolution: "wrappy@npm:1.0.2"
  checksum: 159da4805f7e84a3d003d8841557196034155008f817172d4e986bd591f74aa82aa7db55929a54222309e01079a65a92a9e6414da5a6aa4b01ee44a511ac3ee5
  languageName: node
  linkType: hard

"y18n@npm:^5.0.5":
  version: 5.0.8
  resolution: "y18n@npm:5.0.8"
  checksum: 54f0fb95621ee60898a38c572c515659e51cc9d9f787fb109cef6fde4befbe1c4602dc999d30110feee37456ad0f1660fa2edcfde6a9a740f86a290999550d30
  languageName: node
  linkType: hard

"yargs-parser@npm:^21.1.1":
  version: 21.1.1
  resolution: "yargs-parser@npm:21.1.1"
  checksum: ed2d96a616a9e3e1cc7d204c62ecc61f7aaab633dcbfab2c6df50f7f87b393993fe6640d017759fe112d0cb1e0119f2b4150a87305cc873fd90831c6a58ccf1c
  languageName: node
  linkType: hard

"yargs@npm:^17.7.2":
  version: 17.7.2
  resolution: "yargs@npm:17.7.2"
  dependencies:
    cliui: ^8.0.1
    escalade: ^3.1.1
    get-caller-file: ^2.0.5
    require-directory: ^2.1.1
    string-width: ^4.2.3
    y18n: ^5.0.5
    yargs-parser: ^21.1.1
  checksum: 73b572e863aa4a8cbef323dd911d79d193b772defd5a51aab0aca2d446655216f5002c42c5306033968193bdbf892a7a4c110b0d77954a7fdf563e653967b56a
  languageName: node
  linkType: hard
